
Microsoft Visual Studio Solution File, Format Version 12.00
# Visual Studio 15
VisualStudioVersion = 15.0.28010.2048
MinimumVisualStudioVersion = 10.0.40219.1
Project("{FAE04EC0-301F-11D3-BF4B-00C04F79EFBC}") = "SudokuSolver", "SudokuSolver\SudokuSolver.csproj", "{ED65D7EB-ACCE-4321-BD15-D4DDC60444A8}"
EndProject
Global
	GlobalSection(SolutionConfigurationPlatforms) = preSolution
		Debug|Any CPU = Debug|Any CPU
		Release|Any CPU = Release|Any CPU
	EndGlobalSection
	GlobalSection(ProjectConfigurationPlatforms) = postSolution
		{ED65D7EB-ACCE-4321-BD15-D4DDC60444A8}.Debug|Any CPU.ActiveCfg = Debug|Any CPU
		{ED65D7EB-ACCE-4321-BD15-D4DDC60444A8}.Debug|Any CPU.Build.0 = Debug|Any CPU
		{ED65D7EB-ACCE-4321-BD15-D4DDC60444A8}.Release|Any CPU.ActiveCfg = Release|Any CPU
		{ED65D7EB-ACCE-4321-BD15-D4DDC60444A8}.Release|Any CPU.Build.0 = Release|Any CPU
	EndGlobalSection
	GlobalSection(SolutionProperties) = preSolution
		HideSolutionNode = FALSE
	EndGlobalSection
	GlobalSection(ExtensibilityGlobals) = postSolution
		SolutionGuid = {4898880A-660B-4871-B90D-0EB5911A4011}
	EndGlobalSection
EndGlobal
